// !$*UTF8*$!
{
	archiveVersion = 1;
	classes = {
	};
	objectVersion = 77;
	objects = {

/* Begin PBXBuildFile section */
		6C2A41432CE8A42A00665560 /* AppDelegate.swift in Sources */ = {isa = PBXBuildFile; fileRef = 6C2A41422CE8A42A00665560 /* AppDelegate.swift */; };
		6C2A41452CE8A42A00665560 /* SceneDelegate.swift in Sources */ = {isa = PBXBuildFile; fileRef = 6C2A41442CE8A42A00665560 /* SceneDelegate.swift */; };
		6C2A414C2CE8A42B00665560 /* Assets.xcassets in Resources */ = {isa = PBXBuildFile; fileRef = 6C2A414B2CE8A42B00665560 /* Assets.xcassets */; };
		6C2A414F2CE8A42B00665560 /* LaunchScreen.storyboard in Resources */ = {isa = PBXBuildFile; fileRef = 6C2A414D2CE8A42B00665560 /* LaunchScreen.storyboard */; };
		6C2A415A2CE8A42B00665560 /* LetSwift2024LightTests.swift in Sources */ = {isa = PBXBuildFile; fileRef = 6C2A41592CE8A42B00665560 /* LetSwift2024LightTests.swift */; };
		6C2A41ED2CE8B28400665560 /* MainReducer.swift in Sources */ = {isa = PBXBuildFile; fileRef = 6C2A41EC2CE8B28400665560 /* MainReducer.swift */; };
		6C2A41EF2CE8C08E00665560 /* MainViewController.swift in Sources */ = {isa = PBXBuildFile; fileRef = 6C2A41EE2CE8C08E00665560 /* MainViewController.swift */; };
		6C2A41F32CE8C11100665560 /* SessionHeaderReducer.swift in Sources */ = {isa = PBXBuildFile; fileRef = 6C2A41F22CE8C11100665560 /* SessionHeaderReducer.swift */; };
		6C2A41F52CE8C16500665560 /* SessionHeaderView.swift in Sources */ = {isa = PBXBuildFile; fileRef = 6C2A41F42CE8C16500665560 /* SessionHeaderView.swift */; };
		6C2A41F82CE8C19500665560 /* SessionInfoCell.swift in Sources */ = {isa = PBXBuildFile; fileRef = 6C2A41F72CE8C19500665560 /* SessionInfoCell.swift */; };
		6C2A41FA2CE8C1A800665560 /* SessionInfoCellReducer.swift in Sources */ = {isa = PBXBuildFile; fileRef = 6C2A41F92CE8C1A800665560 /* SessionInfoCellReducer.swift */; };
		6C2A41FD2CE8C24200665560 /* Then in Frameworks */ = {isa = PBXBuildFile; productRef = 6C2A41FC2CE8C24200665560 /* Then */; };
		6C2A41FF2CE8C24B00665560 /* ComposableArchitecture in Frameworks */ = {isa = PBXBuildFile; productRef = 6C2A41FE2CE8C24B00665560 /* ComposableArchitecture */; };
		6C2A42012CE8C25000665560 /* SnapKit-Dynamic in Frameworks */ = {isa = PBXBuildFile; productRef = 6C2A42002CE8C25000665560 /* SnapKit-Dynamic */; };
		6C2A42022CE8C25000665560 /* SnapKit-Dynamic in Embed Frameworks */ = {isa = PBXBuildFile; productRef = 6C2A42002CE8C25000665560 /* SnapKit-Dynamic */; settings = {ATTRIBUTES = (CodeSignOnCopy, ); }; };
		6C2A42052CE8C2C200665560 /* SessionDetailReducer.swift in Sources */ = {isa = PBXBuildFile; fileRef = 6C2A42042CE8C2C200665560 /* SessionDetailReducer.swift */; };
		6C2A42072CE8C2DC00665560 /* SessionDetailViewController.swift in Sources */ = {isa = PBXBuildFile; fileRef = 6C2A42062CE8C2DC00665560 /* SessionDetailViewController.swift */; };
		6C2A420B2CE8D0E300665560 /* SessionDetailInfoView.swift in Sources */ = {isa = PBXBuildFile; fileRef = 6C2A420A2CE8D0E300665560 /* SessionDetailInfoView.swift */; };
		6C2A420F2CE8D10500665560 /* SessionDetailInfoViewModel.swift in Sources */ = {isa = PBXBuildFile; fileRef = 6C2A420E2CE8D10500665560 /* SessionDetailInfoViewModel.swift */; };
		6C2A42112CE8D12F00665560 /* SessionDetailInfoReducer.swift in Sources */ = {isa = PBXBuildFile; fileRef = 6C2A42102CE8D12F00665560 /* SessionDetailInfoReducer.swift */; };
		6C2A42142CE8D16200665560 /* SpeakerInfoView.swift in Sources */ = {isa = PBXBuildFile; fileRef = 6C2A42132CE8D16200665560 /* SpeakerInfoView.swift */; };
		6C2A42172CE8D18700665560 /* SpeakerInfoViewModel.swift in Sources */ = {isa = PBXBuildFile; fileRef = 6C2A42162CE8D18700665560 /* SpeakerInfoViewModel.swift */; };
		6C2A421C2CE8D1C500665560 /* SessionDetailTitleView.swift in Sources */ = {isa = PBXBuildFile; fileRef = 6C2A421B2CE8D1C500665560 /* SessionDetailTitleView.swift */; };
		6C2A42202CE8D22D00665560 /* FileStorageKeys.swift in Sources */ = {isa = PBXBuildFile; fileRef = 6C2A421F2CE8D22D00665560 /* FileStorageKeys.swift */; };
		6C2A422B2CE8D32900665560 /* StorePublisher+Extensions.swift in Sources */ = {isa = PBXBuildFile; fileRef = 6C2A422A2CE8D32900665560 /* StorePublisher+Extensions.swift */; };
		6C2A422D2CE8D35B00665560 /* UIView+Extensions.swift in Sources */ = {isa = PBXBuildFile; fileRef = 6C2A422C2CE8D35B00665560 /* UIView+Extensions.swift */; };
		6C2A422F2CE8D37100665560 /* UITableView+Extensions.swift in Sources */ = {isa = PBXBuildFile; fileRef = 6C2A422E2CE8D37100665560 /* UITableView+Extensions.swift */; };
		6C2A42362CE8D3CC00665560 /* SessionInfo.swift in Sources */ = {isa = PBXBuildFile; fileRef = 6C2A42352CE8D3CC00665560 /* SessionInfo.swift */; };
		6C2A42382CE8D3DC00665560 /* SpeakerInfo.swift in Sources */ = {isa = PBXBuildFile; fileRef = 6C2A42372CE8D3DC00665560 /* SpeakerInfo.swift */; };
		6C2A423A2CE8D3EB00665560 /* TrackInfo.swift in Sources */ = {isa = PBXBuildFile; fileRef = 6C2A42392CE8D3EB00665560 /* TrackInfo.swift */; };
		6C2A423D2CE8D40B00665560 /* MainRepository.swift in Sources */ = {isa = PBXBuildFile; fileRef = 6C2A423C2CE8D40B00665560 /* MainRepository.swift */; };
		6C2A42412CE8D4E500665560 /* MainHeaderView.swift in Sources */ = {isa = PBXBuildFile; fileRef = 6C2A42402CE8D4E500665560 /* MainHeaderView.swift */; };
		6C2A42452CE8D5A800665560 /* ImageKeys.swift in Sources */ = {isa = PBXBuildFile; fileRef = 6C2A42442CE8D5A800665560 /* ImageKeys.swift */; };
		6C8584692CEB8B0000A0EA83 /* track_a_session_info.json in Resources */ = {isa = PBXBuildFile; fileRef = 6C8584672CEB8B0000A0EA83 /* track_a_session_info.json */; };
		6C85846A2CEB8B0000A0EA83 /* track_b_session_info.json in Resources */ = {isa = PBXBuildFile; fileRef = 6C8584682CEB8B0000A0EA83 /* track_b_session_info.json */; };
		6C8584722CECD9AE00A0EA83 /* MainClient.swift in Sources */ = {isa = PBXBuildFile; fileRef = 6C8584712CECD9AE00A0EA83 /* MainClient.swift */; };
/* End PBXBuildFile section */

/* Begin PBXContainerItemProxy section */
		6C2A41562CE8A42B00665560 /* PBXContainerItemProxy */ = {
			isa = PBXContainerItemProxy;
			containerPortal = 6C2A41372CE8A42A00665560 /* Project object */;
			proxyType = 1;
			remoteGlobalIDString = 6C2A413E2CE8A42A00665560;
			remoteInfo = LetSwift2024Light;
		};
/* End PBXContainerItemProxy section */

/* Begin PBXCopyFilesBuildPhase section */
		6C2A42032CE8C25000665560 /* Embed Frameworks */ = {
			isa = PBXCopyFilesBuildPhase;
			buildActionMask = 2147483647;
			dstPath = "";
			dstSubfolderSpec = 10;
			files = (
				6C2A42022CE8C25000665560 /* SnapKit-Dynamic in Embed Frameworks */,
			);
			name = "Embed Frameworks";
			runOnlyForDeploymentPostprocessing = 0;
		};
/* End PBXCopyFilesBuildPhase section */

/* Begin PBXFileReference section */
		6C2A413F2CE8A42A00665560 /* LetSwift2024Light.app */ = {isa = PBXFileReference; explicitFileType = wrapper.application; includeInIndex = 0; path = LetSwift2024Light.app; sourceTree = BUILT_PRODUCTS_DIR; };
		6C2A41422CE8A42A00665560 /* AppDelegate.swift */ = {isa = PBXFileReference; lastKnownFileType = sourcecode.swift; path = AppDelegate.swift; sourceTree = "<group>"; };
		6C2A41442CE8A42A00665560 /* SceneDelegate.swift */ = {isa = PBXFileReference; lastKnownFileType = sourcecode.swift; path = SceneDelegate.swift; sourceTree = "<group>"; };
		6C2A414B2CE8A42B00665560 /* Assets.xcassets */ = {isa = PBXFileReference; lastKnownFileType = folder.assetcatalog; path = Assets.xcassets; sourceTree = "<group>"; };
		6C2A414E2CE8A42B00665560 /* Base */ = {isa = PBXFileReference; lastKnownFileType = file.storyboard; name = Base; path = Base.lproj/LaunchScreen.storyboard; sourceTree = "<group>"; };
		6C2A41502CE8A42B00665560 /* Info.plist */ = {isa = PBXFileReference; lastKnownFileType = text.plist.xml; path = Info.plist; sourceTree = "<group>"; };
		6C2A41552CE8A42B00665560 /* LetSwift2024LightTests.xctest */ = {isa = PBXFileReference; explicitFileType = wrapper.cfbundle; includeInIndex = 0; path = LetSwift2024LightTests.xctest; sourceTree = BUILT_PRODUCTS_DIR; };
		6C2A41592CE8A42B00665560 /* LetSwift2024LightTests.swift */ = {isa = PBXFileReference; lastKnownFileType = sourcecode.swift; path = LetSwift2024LightTests.swift; sourceTree = "<group>"; };
		6C2A41EC2CE8B28400665560 /* MainReducer.swift */ = {isa = PBXFileReference; lastKnownFileType = sourcecode.swift; path = MainReducer.swift; sourceTree = "<group>"; };
		6C2A41EE2CE8C08E00665560 /* MainViewController.swift */ = {isa = PBXFileReference; lastKnownFileType = sourcecode.swift; path = MainViewController.swift; sourceTree = "<group>"; };
		6C2A41F22CE8C11100665560 /* SessionHeaderReducer.swift */ = {isa = PBXFileReference; lastKnownFileType = sourcecode.swift; path = SessionHeaderReducer.swift; sourceTree = "<group>"; };
		6C2A41F42CE8C16500665560 /* SessionHeaderView.swift */ = {isa = PBXFileReference; lastKnownFileType = sourcecode.swift; path = SessionHeaderView.swift; sourceTree = "<group>"; };
		6C2A41F72CE8C19500665560 /* SessionInfoCell.swift */ = {isa = PBXFileReference; lastKnownFileType = sourcecode.swift; path = SessionInfoCell.swift; sourceTree = "<group>"; };
		6C2A41F92CE8C1A800665560 /* SessionInfoCellReducer.swift */ = {isa = PBXFileReference; lastKnownFileType = sourcecode.swift; path = SessionInfoCellReducer.swift; sourceTree = "<group>"; };
		6C2A42042CE8C2C200665560 /* SessionDetailReducer.swift */ = {isa = PBXFileReference; lastKnownFileType = sourcecode.swift; path = SessionDetailReducer.swift; sourceTree = "<group>"; };
		6C2A42062CE8C2DC00665560 /* SessionDetailViewController.swift */ = {isa = PBXFileReference; lastKnownFileType = sourcecode.swift; path = SessionDetailViewController.swift; sourceTree = "<group>"; };
		6C2A420A2CE8D0E300665560 /* SessionDetailInfoView.swift */ = {isa = PBXFileReference; lastKnownFileType = sourcecode.swift; path = SessionDetailInfoView.swift; sourceTree = "<group>"; };
		6C2A420E2CE8D10500665560 /* SessionDetailInfoViewModel.swift */ = {isa = PBXFileReference; lastKnownFileType = sourcecode.swift; path = SessionDetailInfoViewModel.swift; sourceTree = "<group>"; };
		6C2A42102CE8D12F00665560 /* SessionDetailInfoReducer.swift */ = {isa = PBXFileReference; lastKnownFileType = sourcecode.swift; path = SessionDetailInfoReducer.swift; sourceTree = "<group>"; };
		6C2A42132CE8D16200665560 /* SpeakerInfoView.swift */ = {isa = PBXFileReference; lastKnownFileType = sourcecode.swift; path = SpeakerInfoView.swift; sourceTree = "<group>"; };
		6C2A42162CE8D18700665560 /* SpeakerInfoViewModel.swift */ = {isa = PBXFileReference; lastKnownFileType = sourcecode.swift; path = SpeakerInfoViewModel.swift; sourceTree = "<group>"; };
		6C2A421B2CE8D1C500665560 /* SessionDetailTitleView.swift */ = {isa = PBXFileReference; lastKnownFileType = sourcecode.swift; path = SessionDetailTitleView.swift; sourceTree = "<group>"; };
		6C2A421F2CE8D22D00665560 /* FileStorageKeys.swift */ = {isa = PBXFileReference; lastKnownFileType = sourcecode.swift; path = FileStorageKeys.swift; sourceTree = "<group>"; };
		6C2A422A2CE8D32900665560 /* StorePublisher+Extensions.swift */ = {isa = PBXFileReference; lastKnownFileType = sourcecode.swift; path = "StorePublisher+Extensions.swift"; sourceTree = "<group>"; };
		6C2A422C2CE8D35B00665560 /* UIView+Extensions.swift */ = {isa = PBXFileReference; lastKnownFileType = sourcecode.swift; path = "UIView+Extensions.swift"; sourceTree = "<group>"; };
		6C2A422E2CE8D37100665560 /* UITableView+Extensions.swift */ = {isa = PBXFileReference; lastKnownFileType = sourcecode.swift; path = "UITableView+Extensions.swift"; sourceTree = "<group>"; };
		6C2A42352CE8D3CC00665560 /* SessionInfo.swift */ = {isa = PBXFileReference; lastKnownFileType = sourcecode.swift; path = SessionInfo.swift; sourceTree = "<group>"; };
		6C2A42372CE8D3DC00665560 /* SpeakerInfo.swift */ = {isa = PBXFileReference; lastKnownFileType = sourcecode.swift; path = SpeakerInfo.swift; sourceTree = "<group>"; };
		6C2A42392CE8D3EB00665560 /* TrackInfo.swift */ = {isa = PBXFileReference; lastKnownFileType = sourcecode.swift; path = TrackInfo.swift; sourceTree = "<group>"; };
		6C2A423C2CE8D40B00665560 /* MainRepository.swift */ = {isa = PBXFileReference; lastKnownFileType = sourcecode.swift; path = MainRepository.swift; sourceTree = "<group>"; };
		6C2A42402CE8D4E500665560 /* MainHeaderView.swift */ = {isa = PBXFileReference; lastKnownFileType = sourcecode.swift; path = MainHeaderView.swift; sourceTree = "<group>"; };
		6C2A42442CE8D5A800665560 /* ImageKeys.swift */ = {isa = PBXFileReference; lastKnownFileType = sourcecode.swift; path = ImageKeys.swift; sourceTree = "<group>"; };
		6C8584672CEB8B0000A0EA83 /* track_a_session_info.json */ = {isa = PBXFileReference; lastKnownFileType = text.json; path = track_a_session_info.json; sourceTree = "<group>"; };
		6C8584682CEB8B0000A0EA83 /* track_b_session_info.json */ = {isa = PBXFileReference; lastKnownFileType = text.json; path = track_b_session_info.json; sourceTree = "<group>"; };
		6C8584712CECD9AE00A0EA83 /* MainClient.swift */ = {isa = PBXFileReference; lastKnownFileType = sourcecode.swift; path = MainClient.swift; sourceTree = "<group>"; };
/* End PBXFileReference section */

/* Begin PBXFrameworksBuildPhase section */
		6C2A413C2CE8A42A00665560 /* Frameworks */ = {
			isa = PBXFrameworksBuildPhase;
			buildActionMask = 2147483647;
			files = (
				6C2A41FF2CE8C24B00665560 /* ComposableArchitecture in Frameworks */,
				6C2A41FD2CE8C24200665560 /* Then in Frameworks */,
				6C2A42012CE8C25000665560 /* SnapKit-Dynamic in Frameworks */,
			);
			runOnlyForDeploymentPostprocessing = 0;
		};
		6C2A41522CE8A42B00665560 /* Frameworks */ = {
			isa = PBXFrameworksBuildPhase;
			buildActionMask = 2147483647;
			files = (
			);
			runOnlyForDeploymentPostprocessing = 0;
		};
/* End PBXFrameworksBuildPhase section */

/* Begin PBXGroup section */
		6C2A41362CE8A42A00665560 = {
			isa = PBXGroup;
			children = (
				6C2A41E42CE8B11300665560 /* LetSwift2024Light */,
				6C2A41E52CE8B12E00665560 /* LetSwift2024LightTests */,
				6C2A41E62CE8B17D00665560 /* Frameworks */,
				6C2A41402CE8A42A00665560 /* Products */,
			);
			sourceTree = "<group>";
		};
		6C2A41402CE8A42A00665560 /* Products */ = {
			isa = PBXGroup;
			children = (
				6C2A413F2CE8A42A00665560 /* LetSwift2024Light.app */,
				6C2A41552CE8A42B00665560 /* LetSwift2024LightTests.xctest */,
			);
			name = Products;
			sourceTree = "<group>";
		};
		6C2A41E42CE8B11300665560 /* LetSwift2024Light */ = {
			isa = PBXGroup;
			children = (
				6C2A42332CE8D3B700665560 /* Data */,
				6C2A42222CE8D29A00665560 /* Resources */,
				6C2A42212CE8D24500665560 /* App */,
				6C2A421A2CE8D1AA00665560 /* Common */,
				6C2A41EA2CE8B1F500665560 /* Features */,
				6C2A41502CE8A42B00665560 /* Info.plist */,
			);
			path = LetSwift2024Light;
			sourceTree = "<group>";
		};
		6C2A41E52CE8B12E00665560 /* LetSwift2024LightTests */ = {
			isa = PBXGroup;
			children = (
				6C2A41592CE8A42B00665560 /* LetSwift2024LightTests.swift */,
			);
			path = LetSwift2024LightTests;
			sourceTree = "<group>";
		};
		6C2A41E62CE8B17D00665560 /* Frameworks */ = {
			isa = PBXGroup;
			children = (
			);
			name = Frameworks;
			sourceTree = "<group>";
		};
		6C2A41EA2CE8B1F500665560 /* Features */ = {
			isa = PBXGroup;
			children = (
				6C2A41FB2CE8C1DA00665560 /* SessionDetail */,
				6C2A41EB2CE8B20100665560 /* Main */,
			);
			path = Features;
			sourceTree = "<group>";
		};
		6C2A41EB2CE8B20100665560 /* Main */ = {
			isa = PBXGroup;
			children = (
				6C2A41EC2CE8B28400665560 /* MainReducer.swift */,
				6C2A41EE2CE8C08E00665560 /* MainViewController.swift */,
				6C8584712CECD9AE00A0EA83 /* MainClient.swift */,
				6C2A42082CE8D0CD00665560 /* Views */,
			);
			path = Main;
			sourceTree = "<group>";
		};
		6C2A41F12CE8C0FA00665560 /* SessionHeader */ = {
			isa = PBXGroup;
			children = (
				6C2A41F22CE8C11100665560 /* SessionHeaderReducer.swift */,
				6C2A41F42CE8C16500665560 /* SessionHeaderView.swift */,
			);
			path = SessionHeader;
			sourceTree = "<group>";
		};
		6C2A41F62CE8C18C00665560 /* SessionInfoCell */ = {
			isa = PBXGroup;
			children = (
				6C2A41F72CE8C19500665560 /* SessionInfoCell.swift */,
				6C2A41F92CE8C1A800665560 /* SessionInfoCellReducer.swift */,
			);
			path = SessionInfoCell;
			sourceTree = "<group>";
		};
		6C2A41FB2CE8C1DA00665560 /* SessionDetail */ = {
			isa = PBXGroup;
			children = (
				6C2A42092CE8D0DA00665560 /* Views */,
				6C2A42042CE8C2C200665560 /* SessionDetailReducer.swift */,
				6C2A42062CE8C2DC00665560 /* SessionDetailViewController.swift */,
			);
			path = SessionDetail;
			sourceTree = "<group>";
		};
		6C2A42082CE8D0CD00665560 /* Views */ = {
			isa = PBXGroup;
			children = (
				6C2A423F2CE8D4DF00665560 /* MainHeaderView */,
				6C2A41F62CE8C18C00665560 /* SessionInfoCell */,
				6C2A41F12CE8C0FA00665560 /* SessionHeader */,
			);
			path = Views;
			sourceTree = "<group>";
		};
		6C2A42092CE8D0DA00665560 /* Views */ = {
			isa = PBXGroup;
			children = (
				6C2A421D2CE8D1DA00665560 /* SessionDetailTitleView */,
				6C2A42122CE8D15600665560 /* SpeakerInfoView */,
				6C2A420C2CE8D0EC00665560 /* SessionDetailInfoView */,
			);
			path = Views;
			sourceTree = "<group>";
		};
		6C2A420C2CE8D0EC00665560 /* SessionDetailInfoView */ = {
			isa = PBXGroup;
			children = (
				6C2A420D2CE8D0FA00665560 /* ViewModels */,
				6C2A420A2CE8D0E300665560 /* SessionDetailInfoView.swift */,
				6C2A42102CE8D12F00665560 /* SessionDetailInfoReducer.swift */,
			);
			path = SessionDetailInfoView;
			sourceTree = "<group>";
		};
		6C2A420D2CE8D0FA00665560 /* ViewModels */ = {
			isa = PBXGroup;
			children = (
				6C2A420E2CE8D10500665560 /* SessionDetailInfoViewModel.swift */,
			);
			path = ViewModels;
			sourceTree = "<group>";
		};
		6C2A42122CE8D15600665560 /* SpeakerInfoView */ = {
			isa = PBXGroup;
			children = (
				6C2A42152CE8D17F00665560 /* ViewModels */,
				6C2A42132CE8D16200665560 /* SpeakerInfoView.swift */,
			);
			path = SpeakerInfoView;
			sourceTree = "<group>";
		};
		6C2A42152CE8D17F00665560 /* ViewModels */ = {
			isa = PBXGroup;
			children = (
				6C2A42162CE8D18700665560 /* SpeakerInfoViewModel.swift */,
			);
			path = ViewModels;
			sourceTree = "<group>";
		};
		6C2A421A2CE8D1AA00665560 /* Common */ = {
			isa = PBXGroup;
			children = (
				6C2A42292CE8D31B00665560 /* Extensions */,
				6C2A421E2CE8D22400665560 /* Constants */,
			);
			path = Common;
			sourceTree = "<group>";
		};
		6C2A421D2CE8D1DA00665560 /* SessionDetailTitleView */ = {
			isa = PBXGroup;
			children = (
				6C2A421B2CE8D1C500665560 /* SessionDetailTitleView.swift */,
			);
			path = SessionDetailTitleView;
			sourceTree = "<group>";
		};
		6C2A421E2CE8D22400665560 /* Constants */ = {
			isa = PBXGroup;
			children = (
				6C2A421F2CE8D22D00665560 /* FileStorageKeys.swift */,
			);
			path = Constants;
			sourceTree = "<group>";
		};
		6C2A42212CE8D24500665560 /* App */ = {
			isa = PBXGroup;
			children = (
				6C2A414D2CE8A42B00665560 /* LaunchScreen.storyboard */,
				6C2A41442CE8A42A00665560 /* SceneDelegate.swift */,
				6C2A41422CE8A42A00665560 /* AppDelegate.swift */,
			);
			path = App;
			sourceTree = "<group>";
		};
		6C2A42222CE8D29A00665560 /* Resources */ = {
			isa = PBXGroup;
			children = (
				6C85846B2CEB8B1C00A0EA83 /* JSONFiles */,
				6C2A42432CE8D5A000665560 /* ImageKeys */,
				6C2A414B2CE8A42B00665560 /* Assets.xcassets */,
			);
			path = Resources;
			sourceTree = "<group>";
		};
		6C2A42292CE8D31B00665560 /* Extensions */ = {
			isa = PBXGroup;
			children = (
				6C2A422A2CE8D32900665560 /* StorePublisher+Extensions.swift */,
				6C2A422C2CE8D35B00665560 /* UIView+Extensions.swift */,
				6C2A422E2CE8D37100665560 /* UITableView+Extensions.swift */,
			);
			path = Extensions;
			sourceTree = "<group>";
		};
		6C2A42332CE8D3B700665560 /* Data */ = {
			isa = PBXGroup;
			children = (
				6C2A423B2CE8D40100665560 /* Repositories */,
				6C2A42342CE8D3BF00665560 /* Entities */,
			);
			path = Data;
			sourceTree = "<group>";
		};
		6C2A42342CE8D3BF00665560 /* Entities */ = {
			isa = PBXGroup;
			children = (
				6C2A42352CE8D3CC00665560 /* SessionInfo.swift */,
				6C2A42372CE8D3DC00665560 /* SpeakerInfo.swift */,
				6C2A42392CE8D3EB00665560 /* TrackInfo.swift */,
			);
			path = Entities;
			sourceTree = "<group>";
		};
		6C2A423B2CE8D40100665560 /* Repositories */ = {
			isa = PBXGroup;
			children = (
				6C2A423C2CE8D40B00665560 /* MainRepository.swift */,
			);
			path = Repositories;
			sourceTree = "<group>";
		};
		6C2A423F2CE8D4DF00665560 /* MainHeaderView */ = {
			isa = PBXGroup;
			children = (
				6C2A42402CE8D4E500665560 /* MainHeaderView.swift */,
			);
			path = MainHeaderView;
			sourceTree = "<group>";
		};
		6C2A42432CE8D5A000665560 /* ImageKeys */ = {
			isa = PBXGroup;
			children = (
				6C2A42442CE8D5A800665560 /* ImageKeys.swift */,
			);
			path = ImageKeys;
			sourceTree = "<group>";
		};
		6C85846B2CEB8B1C00A0EA83 /* JSONFiles */ = {
			isa = PBXGroup;
			children = (
				6C8584672CEB8B0000A0EA83 /* track_a_session_info.json */,
				6C8584682CEB8B0000A0EA83 /* track_b_session_info.json */,
			);
			path = JSONFiles;
			sourceTree = "<group>";
		};
/* End PBXGroup section */

/* Begin PBXNativeTarget section */
		6C2A413E2CE8A42A00665560 /* LetSwift2024Light */ = {
			isa = PBXNativeTarget;
			buildConfigurationList = 6C2A41682CE8A42B00665560 /* Build configuration list for PBXNativeTarget "LetSwift2024Light" */;
			buildPhases = (
				6C2A413B2CE8A42A00665560 /* Sources */,
				6C2A413C2CE8A42A00665560 /* Frameworks */,
				6C2A413D2CE8A42A00665560 /* Resources */,
				6C2A42032CE8C25000665560 /* Embed Frameworks */,
			);
			buildRules = (
			);
			dependencies = (
			);
			name = LetSwift2024Light;
			packageProductDependencies = (
				6C2A41FC2CE8C24200665560 /* Then */,
				6C2A41FE2CE8C24B00665560 /* ComposableArchitecture */,
				6C2A42002CE8C25000665560 /* SnapKit-Dynamic */,
			);
			productName = LetSwift2024Light;
			productReference = 6C2A413F2CE8A42A00665560 /* LetSwift2024Light.app */;
			productType = "com.apple.product-type.application";
		};
		6C2A41542CE8A42B00665560 /* LetSwift2024LightTests */ = {
			isa = PBXNativeTarget;
			buildConfigurationList = 6C2A416D2CE8A42B00665560 /* Build configuration list for PBXNativeTarget "LetSwift2024LightTests" */;
			buildPhases = (
				6C2A41512CE8A42B00665560 /* Sources */,
				6C2A41522CE8A42B00665560 /* Frameworks */,
				6C2A41532CE8A42B00665560 /* Resources */,
			);
			buildRules = (
			);
			dependencies = (
				6C2A41572CE8A42B00665560 /* PBXTargetDependency */,
			);
			name = LetSwift2024LightTests;
			packageProductDependencies = (
			);
			productName = LetSwift2024LightTests;
			productReference = 6C2A41552CE8A42B00665560 /* LetSwift2024LightTests.xctest */;
			productType = "com.apple.product-type.bundle.unit-test";
		};
/* End PBXNativeTarget section */

/* Begin PBXProject section */
		6C2A41372CE8A42A00665560 /* Project object */ = {
			isa = PBXProject;
			attributes = {
				BuildIndependentTargetsInParallel = 1;
				LastSwiftUpdateCheck = 1610;
				LastUpgradeCheck = 1610;
				TargetAttributes = {
					6C2A413E2CE8A42A00665560 = {
						CreatedOnToolsVersion = 16.1;
					};
					6C2A41542CE8A42B00665560 = {
						CreatedOnToolsVersion = 16.1;
						TestTargetID = 6C2A413E2CE8A42A00665560;
					};
				};
			};
			buildConfigurationList = 6C2A413A2CE8A42A00665560 /* Build configuration list for PBXProject "LetSwift2024Light" */;
			developmentRegion = en;
			hasScannedForEncodings = 0;
			knownRegions = (
				en,
				Base,
			);
			mainGroup = 6C2A41362CE8A42A00665560;
			minimizedProjectReferenceProxies = 1;
			packageReferences = (
				6C2A41732CE8A75000665560 /* XCRemoteSwiftPackageReference "swift-composable-architecture" */,
				6C2A41E22CE8B0DB00665560 /* XCRemoteSwiftPackageReference "Then" */,
				6C2A41E32CE8B0F100665560 /* XCRemoteSwiftPackageReference "SnapKit" */,
			);
			preferredProjectObjectVersion = 77;
			productRefGroup = 6C2A41402CE8A42A00665560 /* Products */;
			projectDirPath = "";
			projectRoot = "";
			targets = (
				6C2A413E2CE8A42A00665560 /* LetSwift2024Light */,
				6C2A41542CE8A42B00665560 /* LetSwift2024LightTests */,
			);
		};
/* End PBXProject section */

/* Begin PBXResourcesBuildPhase section */
		6C2A413D2CE8A42A00665560 /* Resources */ = {
			isa = PBXResourcesBuildPhase;
			buildActionMask = 2147483647;
			files = (
				6C2A414F2CE8A42B00665560 /* LaunchScreen.storyboard in Resources */,
				6C2A414C2CE8A42B00665560 /* Assets.xcassets in Resources */,
				6C8584692CEB8B0000A0EA83 /* track_a_session_info.json in Resources */,
				6C85846A2CEB8B0000A0EA83 /* track_b_session_info.json in Resources */,
			);
			runOnlyForDeploymentPostprocessing = 0;
		};
		6C2A41532CE8A42B00665560 /* Resources */ = {
			isa = PBXResourcesBuildPhase;
			buildActionMask = 2147483647;
			files = (
			);
			runOnlyForDeploymentPostprocessing = 0;
		};
/* End PBXResourcesBuildPhase section */

/* Begin PBXSourcesBuildPhase section */
		6C2A413B2CE8A42A00665560 /* Sources */ = {
			isa = PBXSourcesBuildPhase;
			buildActionMask = 2147483647;
			files = (
				6C2A422D2CE8D35B00665560 /* UIView+Extensions.swift in Sources */,
				6C2A422B2CE8D32900665560 /* StorePublisher+Extensions.swift in Sources */,
				6C2A41F82CE8C19500665560 /* SessionInfoCell.swift in Sources */,
				6C2A423A2CE8D3EB00665560 /* TrackInfo.swift in Sources */,
				6C2A41432CE8A42A00665560 /* AppDelegate.swift in Sources */,
				6C2A42382CE8D3DC00665560 /* SpeakerInfo.swift in Sources */,
				6C2A41ED2CE8B28400665560 /* MainReducer.swift in Sources */,
				6C2A422F2CE8D37100665560 /* UITableView+Extensions.swift in Sources */,
				6C2A42052CE8C2C200665560 /* SessionDetailReducer.swift in Sources */,
				6C2A423D2CE8D40B00665560 /* MainRepository.swift in Sources */,
				6C2A41FA2CE8C1A800665560 /* SessionInfoCellReducer.swift in Sources */,
				6C8584722CECD9AE00A0EA83 /* MainClient.swift in Sources */,
				6C2A420F2CE8D10500665560 /* SessionDetailInfoViewModel.swift in Sources */,
				6C2A41452CE8A42A00665560 /* SceneDelegate.swift in Sources */,
				6C2A42412CE8D4E500665560 /* MainHeaderView.swift in Sources */,
				6C2A421C2CE8D1C500665560 /* SessionDetailTitleView.swift in Sources */,
				6C2A42172CE8D18700665560 /* SpeakerInfoViewModel.swift in Sources */,
				6C2A42072CE8C2DC00665560 /* SessionDetailViewController.swift in Sources */,
				6C2A420B2CE8D0E300665560 /* SessionDetailInfoView.swift in Sources */,
				6C2A41F52CE8C16500665560 /* SessionHeaderView.swift in Sources */,
				6C2A42452CE8D5A800665560 /* ImageKeys.swift in Sources */,
				6C2A42202CE8D22D00665560 /* FileStorageKeys.swift in Sources */,
				6C2A41F32CE8C11100665560 /* SessionHeaderReducer.swift in Sources */,
				6C2A42362CE8D3CC00665560 /* SessionInfo.swift in Sources */,
				6C2A42112CE8D12F00665560 /* SessionDetailInfoReducer.swift in Sources */,
				6C2A42142CE8D16200665560 /* SpeakerInfoView.swift in Sources */,
				6C2A41EF2CE8C08E00665560 /* MainViewController.swift in Sources */,
			);
			runOnlyForDeploymentPostprocessing = 0;
		};
		6C2A41512CE8A42B00665560 /* Sources */ = {
			isa = PBXSourcesBuildPhase;
			buildActionMask = 2147483647;
			files = (
				6C2A415A2CE8A42B00665560 /* LetSwift2024LightTests.swift in Sources */,
			);
			runOnlyForDeploymentPostprocessing = 0;
		};
/* End PBXSourcesBuildPhase section */

/* Begin PBXTargetDependency section */
		6C2A41572CE8A42B00665560 /* PBXTargetDependency */ = {
			isa = PBXTargetDependency;
			target = 6C2A413E2CE8A42A00665560 /* LetSwift2024Light */;
			targetProxy = 6C2A41562CE8A42B00665560 /* PBXContainerItemProxy */;
		};
/* End PBXTargetDependency section */

/* Begin PBXVariantGroup section */
		6C2A414D2CE8A42B00665560 /* LaunchScreen.storyboard */ = {
			isa = PBXVariantGroup;
			children = (
				6C2A414E2CE8A42B00665560 /* Base */,
			);
			name = LaunchScreen.storyboard;
			sourceTree = "<group>";
		};
/* End PBXVariantGroup section */

/* Begin XCBuildConfiguration section */
		6C2A41692CE8A42B00665560 /* Debug */ = {
			isa = XCBuildConfiguration;
			buildSettings = {
				ASSETCATALOG_COMPILER_APPICON_NAME = AppIcon;
				ASSETCATALOG_COMPILER_GLOBAL_ACCENT_COLOR_NAME = AccentColor;
				CODE_SIGN_STYLE = Automatic;
				CURRENT_PROJECT_VERSION = 1;
				DEVELOPMENT_TEAM = 67SBNF2QS6;
				GENERATE_INFOPLIST_FILE = YES;
				INFOPLIST_FILE = LetSwift2024Light/Info.plist;
				INFOPLIST_KEY_UIApplicationSupportsIndirectInputEvents = YES;
				INFOPLIST_KEY_UILaunchStoryboardName = LaunchScreen;
				INFOPLIST_KEY_UISupportedInterfaceOrientations_iPad = "UIInterfaceOrientationPortrait UIInterfaceOrientationPortraitUpsideDown UIInterfaceOrientationLandscapeLeft UIInterfaceOrientationLandscapeRight";
				INFOPLIST_KEY_UISupportedInterfaceOrientations_iPhone = "UIInterfaceOrientationPortrait UIInterfaceOrientationLandscapeLeft UIInterfaceOrientationLandscapeRight";
				LD_RUNPATH_SEARCH_PATHS = (
					"$(inherited)",
					"@executable_path/Frameworks",
				);
				MARKETING_VERSION = 1.0;
				PRODUCT_BUNDLE_IDENTIFIER = com.jaewook.LetSwift2024Light;
				PRODUCT_NAME = "$(TARGET_NAME)";
				SWIFT_EMIT_LOC_STRINGS = YES;
				SWIFT_VERSION = 5.0;
				TARGETED_DEVICE_FAMILY = "1,2";
			};
			name = Debug;
		};
		6C2A416A2CE8A42B00665560 /* Release */ = {
			isa = XCBuildConfiguration;
			buildSettings = {
				ASSETCATALOG_COMPILER_APPICON_NAME = AppIcon;
				ASSETCATALOG_COMPILER_GLOBAL_ACCENT_COLOR_NAME = AccentColor;
				CODE_SIGN_STYLE = Automatic;
				CURRENT_PROJECT_VERSION = 1;
				DEVELOPMENT_TEAM = 67SBNF2QS6;
				GENERATE_INFOPLIST_FILE = YES;
				INFOPLIST_FILE = LetSwift2024Light/Info.plist;
				INFOPLIST_KEY_UIApplicationSupportsIndirectInputEvents = YES;
				INFOPLIST_KEY_UILaunchStoryboardName = LaunchScreen;
				INFOPLIST_KEY_UISupportedInterfaceOrientations_iPad = "UIInterfaceOrientationPortrait UIInterfaceOrientationPortraitUpsideDown UIInterfaceOrientationLandscapeLeft UIInterfaceOrientationLandscapeRight";
				INFOPLIST_KEY_UISupportedInterfaceOrientations_iPhone = "UIInterfaceOrientationPortrait UIInterfaceOrientationLandscapeLeft UIInterfaceOrientationLandscapeRight";
				LD_RUNPATH_SEARCH_PATHS = (
					"$(inherited)",
					"@executable_path/Frameworks",
				);
				MARKETING_VERSION = 1.0;
				PRODUCT_BUNDLE_IDENTIFIER = com.jaewook.LetSwift2024Light;
				PRODUCT_NAME = "$(TARGET_NAME)";
				SWIFT_EMIT_LOC_STRINGS = YES;
				SWIFT_VERSION = 5.0;
				TARGETED_DEVICE_FAMILY = "1,2";
			};
			name = Release;
		};
		6C2A416B2CE8A42B00665560 /* Debug */ = {
			isa = XCBuildConfiguration;
			buildSettings = {
				ALWAYS_SEARCH_USER_PATHS = NO;
				ASSETCATALOG_COMPILER_GENERATE_SWIFT_ASSET_SYMBOL_EXTENSIONS = YES;
				CLANG_ANALYZER_NONNULL = YES;
				CLANG_ANALYZER_NUMBER_OBJECT_CONVERSION = YES_AGGRESSIVE;
				CLANG_CXX_LANGUAGE_STANDARD = "gnu++20";
				CLANG_ENABLE_MODULES = YES;
				CLANG_ENABLE_OBJC_ARC = YES;
				CLANG_ENABLE_OBJC_WEAK = YES;
				CLANG_WARN_BLOCK_CAPTURE_AUTORELEASING = YES;
				CLANG_WARN_BOOL_CONVERSION = YES;
				CLANG_WARN_COMMA = YES;
				CLANG_WARN_CONSTANT_CONVERSION = YES;
				CLANG_WARN_DEPRECATED_OBJC_IMPLEMENTATIONS = YES;
				CLANG_WARN_DIRECT_OBJC_ISA_USAGE = YES_ERROR;
				CLANG_WARN_DOCUMENTATION_COMMENTS = YES;
				CLANG_WARN_EMPTY_BODY = YES;
				CLANG_WARN_ENUM_CONVERSION = YES;
				CLANG_WARN_INFINITE_RECURSION = YES;
				CLANG_WARN_INT_CONVERSION = YES;
				CLANG_WARN_NON_LITERAL_NULL_CONVERSION = YES;
				CLANG_WARN_OBJC_IMPLICIT_RETAIN_SELF = YES;
				CLANG_WARN_OBJC_LITERAL_CONVERSION = YES;
				CLANG_WARN_OBJC_ROOT_CLASS = YES_ERROR;
				CLANG_WARN_QUOTED_INCLUDE_IN_FRAMEWORK_HEADER = YES;
				CLANG_WARN_RANGE_LOOP_ANALYSIS = YES;
				CLANG_WARN_STRICT_PROTOTYPES = YES;
				CLANG_WARN_SUSPICIOUS_MOVE = YES;
				CLANG_WARN_UNGUARDED_AVAILABILITY = YES_AGGRESSIVE;
				CLANG_WARN_UNREACHABLE_CODE = YES;
				CLANG_WARN__DUPLICATE_METHOD_MATCH = YES;
				COPY_PHASE_STRIP = NO;
				DEBUG_INFORMATION_FORMAT = dwarf;
				ENABLE_STRICT_OBJC_MSGSEND = YES;
				ENABLE_TESTABILITY = YES;
				ENABLE_USER_SCRIPT_SANDBOXING = YES;
				GCC_C_LANGUAGE_STANDARD = gnu17;
				GCC_DYNAMIC_NO_PIC = NO;
				GCC_NO_COMMON_BLOCKS = YES;
				GCC_OPTIMIZATION_LEVEL = 0;
				GCC_PREPROCESSOR_DEFINITIONS = (
					"DEBUG=1",
					"$(inherited)",
				);
				GCC_WARN_64_TO_32_BIT_CONVERSION = YES;
				GCC_WARN_ABOUT_RETURN_TYPE = YES_ERROR;
				GCC_WARN_UNDECLARED_SELECTOR = YES;
				GCC_WARN_UNINITIALIZED_AUTOS = YES_AGGRESSIVE;
				GCC_WARN_UNUSED_FUNCTION = YES;
				GCC_WARN_UNUSED_VARIABLE = YES;
				IPHONEOS_DEPLOYMENT_TARGET = 18.1;
				LOCALIZATION_PREFERS_STRING_CATALOGS = YES;
				MTL_ENABLE_DEBUG_INFO = INCLUDE_SOURCE;
				MTL_FAST_MATH = YES;
				ONLY_ACTIVE_ARCH = YES;
				SDKROOT = iphoneos;
				SWIFT_ACTIVE_COMPILATION_CONDITIONS = "DEBUG $(inherited)";
				SWIFT_OPTIMIZATION_LEVEL = "-Onone";
			};
			name = Debug;
		};
		6C2A416C2CE8A42B00665560 /* Release */ = {
			isa = XCBuildConfiguration;
			buildSettings = {
				ALWAYS_SEARCH_USER_PATHS = NO;
				ASSETCATALOG_COMPILER_GENERATE_SWIFT_ASSET_SYMBOL_EXTENSIONS = YES;
				CLANG_ANALYZER_NONNULL = YES;
				CLANG_ANALYZER_NUMBER_OBJECT_CONVERSION = YES_AGGRESSIVE;
				CLANG_CXX_LANGUAGE_STANDARD = "gnu++20";
				CLANG_ENABLE_MODULES = YES;
				CLANG_ENABLE_OBJC_ARC = YES;
				CLANG_ENABLE_OBJC_WEAK = YES;
				CLANG_WARN_BLOCK_CAPTURE_AUTORELEASING = YES;
				CLANG_WARN_BOOL_CONVERSION = YES;
				CLANG_WARN_COMMA = YES;
				CLANG_WARN_CONSTANT_CONVERSION = YES;
				CLANG_WARN_DEPRECATED_OBJC_IMPLEMENTATIONS = YES;
				CLANG_WARN_DIRECT_OBJC_ISA_USAGE = YES_ERROR;
				CLANG_WARN_DOCUMENTATION_COMMENTS = YES;
				CLANG_WARN_EMPTY_BODY = YES;
				CLANG_WARN_ENUM_CONVERSION = YES;
				CLANG_WARN_INFINITE_RECURSION = YES;
				CLANG_WARN_INT_CONVERSION = YES;
				CLANG_WARN_NON_LITERAL_NULL_CONVERSION = YES;
				CLANG_WARN_OBJC_IMPLICIT_RETAIN_SELF = YES;
				CLANG_WARN_OBJC_LITERAL_CONVERSION = YES;
				CLANG_WARN_OBJC_ROOT_CLASS = YES_ERROR;
				CLANG_WARN_QUOTED_INCLUDE_IN_FRAMEWORK_HEADER = YES;
				CLANG_WARN_RANGE_LOOP_ANALYSIS = YES;
				CLANG_WARN_STRICT_PROTOTYPES = YES;
				CLANG_WARN_SUSPICIOUS_MOVE = YES;
				CLANG_WARN_UNGUARDED_AVAILABILITY = YES_AGGRESSIVE;
				CLANG_WARN_UNREACHABLE_CODE = YES;
				CLANG_WARN__DUPLICATE_METHOD_MATCH = YES;
				COPY_PHASE_STRIP = NO;
				DEBUG_INFORMATION_FORMAT = "dwarf-with-dsym";
				ENABLE_NS_ASSERTIONS = NO;
				ENABLE_STRICT_OBJC_MSGSEND = YES;
				ENABLE_USER_SCRIPT_SANDBOXING = YES;
				GCC_C_LANGUAGE_STANDARD = gnu17;
				GCC_NO_COMMON_BLOCKS = YES;
				GCC_WARN_64_TO_32_BIT_CONVERSION = YES;
				GCC_WARN_ABOUT_RETURN_TYPE = YES_ERROR;
				GCC_WARN_UNDECLARED_SELECTOR = YES;
				GCC_WARN_UNINITIALIZED_AUTOS = YES_AGGRESSIVE;
				GCC_WARN_UNUSED_FUNCTION = YES;
				GCC_WARN_UNUSED_VARIABLE = YES;
				IPHONEOS_DEPLOYMENT_TARGET = 18.1;
				LOCALIZATION_PREFERS_STRING_CATALOGS = YES;
				MTL_ENABLE_DEBUG_INFO = NO;
				MTL_FAST_MATH = YES;
				SDKROOT = iphoneos;
				SWIFT_COMPILATION_MODE = wholemodule;
				VALIDATE_PRODUCT = YES;
			};
			name = Release;
		};
		6C2A416E2CE8A42B00665560 /* Debug */ = {
			isa = XCBuildConfiguration;
			buildSettings = {
				BUNDLE_LOADER = "$(TEST_HOST)";
				CODE_SIGN_STYLE = Automatic;
				CURRENT_PROJECT_VERSION = 1;
				DEVELOPMENT_TEAM = 67SBNF2QS6;
				GENERATE_INFOPLIST_FILE = YES;
				IPHONEOS_DEPLOYMENT_TARGET = 18.1;
				MARKETING_VERSION = 1.0;
				PRODUCT_BUNDLE_IDENTIFIER = com.jaewook.LetSwift2024LightTests;
				PRODUCT_NAME = "$(TARGET_NAME)";
				SWIFT_EMIT_LOC_STRINGS = NO;
				SWIFT_VERSION = 5.0;
				TARGETED_DEVICE_FAMILY = "1,2";
				TEST_HOST = "$(BUILT_PRODUCTS_DIR)/LetSwift2024Light.app/$(BUNDLE_EXECUTABLE_FOLDER_PATH)/LetSwift2024Light";
			};
			name = Debug;
		};
		6C2A416F2CE8A42B00665560 /* Release */ = {
			isa = XCBuildConfiguration;
			buildSettings = {
				BUNDLE_LOADER = "$(TEST_HOST)";
				CODE_SIGN_STYLE = Automatic;
				CURRENT_PROJECT_VERSION = 1;
				DEVELOPMENT_TEAM = 67SBNF2QS6;
				GENERATE_INFOPLIST_FILE = YES;
				IPHONEOS_DEPLOYMENT_TARGET = 18.1;
				MARKETING_VERSION = 1.0;
				PRODUCT_BUNDLE_IDENTIFIER = com.jaewook.LetSwift2024LightTests;
				PRODUCT_NAME = "$(TARGET_NAME)";
				SWIFT_EMIT_LOC_STRINGS = NO;
				SWIFT_VERSION = 5.0;
				TARGETED_DEVICE_FAMILY = "1,2";
				TEST_HOST = "$(BUILT_PRODUCTS_DIR)/LetSwift2024Light.app/$(BUNDLE_EXECUTABLE_FOLDER_PATH)/LetSwift2024Light";
			};
			name = Release;
		};
/* End XCBuildConfiguration section */

/* Begin XCConfigurationList section */
		6C2A413A2CE8A42A00665560 /* Build configuration list for PBXProject "LetSwift2024Light" */ = {
			isa = XCConfigurationList;
			buildConfigurations = (
				6C2A416B2CE8A42B00665560 /* Debug */,
				6C2A416C2CE8A42B00665560 /* Release */,
			);
			defaultConfigurationIsVisible = 0;
			defaultConfigurationName = Release;
		};
		6C2A41682CE8A42B00665560 /* Build configuration list for PBXNativeTarget "LetSwift2024Light" */ = {
			isa = XCConfigurationList;
			buildConfigurations = (
				6C2A41692CE8A42B00665560 /* Debug */,
				6C2A416A2CE8A42B00665560 /* Release */,
			);
			defaultConfigurationIsVisible = 0;
			defaultConfigurationName = Release;
		};
		6C2A416D2CE8A42B00665560 /* Build configuration list for PBXNativeTarget "LetSwift2024LightTests" */ = {
			isa = XCConfigurationList;
			buildConfigurations = (
				6C2A416E2CE8A42B00665560 /* Debug */,
				6C2A416F2CE8A42B00665560 /* Release */,
			);
			defaultConfigurationIsVisible = 0;
			defaultConfigurationName = Release;
		};
/* End XCConfigurationList section */

/* Begin XCRemoteSwiftPackageReference section */
		6C2A41732CE8A75000665560 /* XCRemoteSwiftPackageReference "swift-composable-architecture" */ = {
			isa = XCRemoteSwiftPackageReference;
			repositoryURL = "https://github.com/pointfreeco/swift-composable-architecture.git";
			requirement = {
				kind = upToNextMajorVersion;
				minimumVersion = 1.16.1;
			};
		};
		6C2A41E22CE8B0DB00665560 /* XCRemoteSwiftPackageReference "Then" */ = {
			isa = XCRemoteSwiftPackageReference;
			repositoryURL = "https://github.com/devxoul/Then.git";
			requirement = {
				kind = upToNextMajorVersion;
				minimumVersion = 3.0.0;
			};
		};
		6C2A41E32CE8B0F100665560 /* XCRemoteSwiftPackageReference "SnapKit" */ = {
			isa = XCRemoteSwiftPackageReference;
			repositoryURL = "https://github.com/SnapKit/SnapKit.git";
			requirement = {
				kind = upToNextMajorVersion;
				minimumVersion = 5.7.1;
			};
		};
/* End XCRemoteSwiftPackageReference section */

/* Begin XCSwiftPackageProductDependency section */
		6C2A41FC2CE8C24200665560 /* Then */ = {
			isa = XCSwiftPackageProductDependency;
			package = 6C2A41E22CE8B0DB00665560 /* XCRemoteSwiftPackageReference "Then" */;
			productName = Then;
		};
		6C2A41FE2CE8C24B00665560 /* ComposableArchitecture */ = {
			isa = XCSwiftPackageProductDependency;
			package = 6C2A41732CE8A75000665560 /* XCRemoteSwiftPackageReference "swift-composable-architecture" */;
			productName = ComposableArchitecture;
		};
		6C2A42002CE8C25000665560 /* SnapKit-Dynamic */ = {
			isa = XCSwiftPackageProductDependency;
			package = 6C2A41E32CE8B0F100665560 /* XCRemoteSwiftPackageReference "SnapKit" */;
			productName = "SnapKit-Dynamic";
		};
/* End XCSwiftPackageProductDependency section */
	};
	rootObject = 6C2A41372CE8A42A00665560 /* Project object */;
}
